
Microsoft Visual Studio Solution File, Format Version 12.00
# Visual Studio Version 16
VisualStudioVersion = 16.0.30114.105
MinimumVisualStudioVersion = 10.0.40219.1
Project("{2150E333-8FDC-42A3-9474-1A3956D46DE8}") = "src", "src", "{F54437FD-0842-41EF-9728-E3070D1D81FD}"
EndProject
Project("{FAE04EC0-301F-11D3-BF4B-00C04F79EFBC}") = "GradeBook", "src\GradeBook\GradeBook.csproj", "{F05EDA94-F690-4765-9B94-A00189581647}"
EndProject
Project("{2150E333-8FDC-42A3-9474-1A3956D46DE8}") = "test", "test", "{099B1A62-DBA1-4C6F-B6E3-4CE58652D015}"
EndProject
Project("{FAE04EC0-301F-11D3-BF4B-00C04F79EFBC}") = "GradeBook.Tests", "test\GradeBook.Tests\GradeBook.Tests.csproj", "{E487E39B-7A73-4539-A33F-B6D565341C5F}"
EndProject
Global
	GlobalSection(SolutionConfigurationPlatforms) = preSolution
		Debug|Any CPU = Debug|Any CPU
		Release|Any CPU = Release|Any CPU
	EndGlobalSection
	GlobalSection(SolutionProperties) = preSolution
		HideSolutionNode = FALSE
	EndGlobalSection
	GlobalSection(ProjectConfigurationPlatforms) = postSolution
		{F05EDA94-F690-4765-9B94-A00189581647}.Debug|Any CPU.ActiveCfg = Debug|Any CPU
		{F05EDA94-F690-4765-9B94-A00189581647}.Debug|Any CPU.Build.0 = Debug|Any CPU
		{F05EDA94-F690-4765-9B94-A00189581647}.Release|Any CPU.ActiveCfg = Release|Any CPU
		{F05EDA94-F690-4765-9B94-A00189581647}.Release|Any CPU.Build.0 = Release|Any CPU
		{E487E39B-7A73-4539-A33F-B6D565341C5F}.Debug|Any CPU.ActiveCfg = Debug|Any CPU
		{E487E39B-7A73-4539-A33F-B6D565341C5F}.Debug|Any CPU.Build.0 = Debug|Any CPU
		{E487E39B-7A73-4539-A33F-B6D565341C5F}.Release|Any CPU.ActiveCfg = Release|Any CPU
		{E487E39B-7A73-4539-A33F-B6D565341C5F}.Release|Any CPU.Build.0 = Release|Any CPU
	EndGlobalSection
	GlobalSection(NestedProjects) = preSolution
		{F05EDA94-F690-4765-9B94-A00189581647} = {F54437FD-0842-41EF-9728-E3070D1D81FD}
		{E487E39B-7A73-4539-A33F-B6D565341C5F} = {099B1A62-DBA1-4C6F-B6E3-4CE58652D015}
	EndGlobalSection
EndGlobal
